
Microsoft Visual Studio Solution File, Format Version 12.00
# Visual Studio Version 16
VisualStudioVersion = 16.0.29509.3
MinimumVisualStudioVersion = 10.0.40219.1
Project("{FAE04EC0-301F-11D3-BF4B-00C04F79EFBC}") = "csdl-pt", "csdl-pt\csdl-pt.csproj", "{F27A4F51-CEC0-412E-87F1-5C8124E1F257}"
EndProject
Global
	GlobalSection(SolutionConfigurationPlatforms) = preSolution
		Debug|Any CPU = Debug|Any CPU
		Release|Any CPU = Release|Any CPU
	EndGlobalSection
	GlobalSection(ProjectConfigurationPlatforms) = postSolution
		{F27A4F51-CEC0-412E-87F1-5C8124E1F257}.Debug|Any CPU.ActiveCfg = Debug|Any CPU
		{F27A4F51-CEC0-412E-87F1-5C8124E1F257}.Debug|Any CPU.Build.0 = Debug|Any CPU
		{F27A4F51-CEC0-412E-87F1-5C8124E1F257}.Release|Any CPU.ActiveCfg = Release|Any CPU
		{F27A4F51-CEC0-412E-87F1-5C8124E1F257}.Release|Any CPU.Build.0 = Release|Any CPU
	EndGlobalSection
	GlobalSection(SolutionProperties) = preSolution
		HideSolutionNode = FALSE
	EndGlobalSection
	GlobalSection(ExtensibilityGlobals) = postSolution
		SolutionGuid = {FB89845D-1705-4B4E-9E75-8C6871C07D13}
	EndGlobalSection
EndGlobal
